// !$*UTF8*$!
{
	archiveVersion = 1;
	classes = {
	};
	objectVersion = 50;
	objects = {

/* Begin PBXBuildFile section */
		728283A821E33C59004B1E3D /* AppDelegate.swift in Sources */ = {isa = PBXBuildFile; fileRef = 728283A721E33C59004B1E3D /* AppDelegate.swift */; };
		728283AD21E33C59004B1E3D /* Main.storyboard in Resources */ = {isa = PBXBuildFile; fileRef = 728283AB21E33C59004B1E3D /* Main.storyboard */; };
		728283B021E33C59004B1E3D /* GameNotifier.xcdatamodeld in Sources */ = {isa = PBXBuildFile; fileRef = 728283AE21E33C59004B1E3D /* GameNotifier.xcdatamodeld */; };
		728283B221E33C5A004B1E3D /* Assets.xcassets in Resources */ = {isa = PBXBuildFile; fileRef = 728283B121E33C5A004B1E3D /* Assets.xcassets */; };
		728283B521E33C5A004B1E3D /* LaunchScreen.storyboard in Resources */ = {isa = PBXBuildFile; fileRef = 728283B321E33C5A004B1E3D /* LaunchScreen.storyboard */; };
		728283C121E34786004B1E3D /* TeamViewController.swift in Sources */ = {isa = PBXBuildFile; fileRef = 728283C021E34786004B1E3D /* TeamViewController.swift */; };
		728283C321E347B6004B1E3D /* LeagueViewController.swift in Sources */ = {isa = PBXBuildFile; fileRef = 728283C221E347B6004B1E3D /* LeagueViewController.swift */; };
/* End PBXBuildFile section */

/* Begin PBXFileReference section */
		728283A421E33C59004B1E3D /* GameNotifier.app */ = {isa = PBXFileReference; explicitFileType = wrapper.application; includeInIndex = 0; path = GameNotifier.app; sourceTree = BUILT_PRODUCTS_DIR; };
		728283A721E33C59004B1E3D /* AppDelegate.swift */ = {isa = PBXFileReference; lastKnownFileType = sourcecode.swift; path = AppDelegate.swift; sourceTree = "<group>"; };
		728283AC21E33C59004B1E3D /* Base */ = {isa = PBXFileReference; lastKnownFileType = file.storyboard; name = Base; path = Base.lproj/Main.storyboard; sourceTree = "<group>"; };
		728283AF21E33C59004B1E3D /* GameNotifier.xcdatamodel */ = {isa = PBXFileReference; lastKnownFileType = wrapper.xcdatamodel; path = GameNotifier.xcdatamodel; sourceTree = "<group>"; };
		728283B121E33C5A004B1E3D /* Assets.xcassets */ = {isa = PBXFileReference; lastKnownFileType = folder.assetcatalog; path = Assets.xcassets; sourceTree = "<group>"; };
		728283B421E33C5A004B1E3D /* Base */ = {isa = PBXFileReference; lastKnownFileType = file.storyboard; name = Base; path = Base.lproj/LaunchScreen.storyboard; sourceTree = "<group>"; };
		728283B621E33C5A004B1E3D /* Info.plist */ = {isa = PBXFileReference; lastKnownFileType = text.plist.xml; path = Info.plist; sourceTree = "<group>"; };
		728283C021E34786004B1E3D /* TeamViewController.swift */ = {isa = PBXFileReference; lastKnownFileType = sourcecode.swift; path = TeamViewController.swift; sourceTree = "<group>"; };
		728283C221E347B6004B1E3D /* LeagueViewController.swift */ = {isa = PBXFileReference; lastKnownFileType = sourcecode.swift; path = LeagueViewController.swift; sourceTree = "<group>"; };
/* End PBXFileReference section */

/* Begin PBXFrameworksBuildPhase section */
		728283A121E33C59004B1E3D /* Frameworks */ = {
			isa = PBXFrameworksBuildPhase;
			buildActionMask = 2147483647;
			files = (
			);
			runOnlyForDeploymentPostprocessing = 0;
		};
/* End PBXFrameworksBuildPhase section */

/* Begin PBXGroup section */
		7282839B21E33C59004B1E3D = {
			isa = PBXGroup;
			children = (
				728283A621E33C59004B1E3D /* GameNotifier */,
				728283A521E33C59004B1E3D /* Products */,
			);
			sourceTree = "<group>";
		};
		728283A521E33C59004B1E3D /* Products */ = {
			isa = PBXGroup;
			children = (
				728283A421E33C59004B1E3D /* GameNotifier.app */,
			);
			name = Products;
			sourceTree = "<group>";
		};
		728283A621E33C59004B1E3D /* GameNotifier */ = {
			isa = PBXGroup;
			children = (
				728283A721E33C59004B1E3D /* AppDelegate.swift */,
				728283C221E347B6004B1E3D /* LeagueViewController.swift */,
				728283C021E34786004B1E3D /* TeamViewController.swift */,
				728283AB21E33C59004B1E3D /* Main.storyboard */,
				728283B121E33C5A004B1E3D /* Assets.xcassets */,
				728283B321E33C5A004B1E3D /* LaunchScreen.storyboard */,
				728283B621E33C5A004B1E3D /* Info.plist */,
				728283AE21E33C59004B1E3D /* GameNotifier.xcdatamodeld */,
			);
			path = GameNotifier;
			sourceTree = "<group>";
		};
/* End PBXGroup section */

/* Begin PBXNativeTarget section */
		728283A321E33C59004B1E3D /* GameNotifier */ = {
			isa = PBXNativeTarget;
			buildConfigurationList = 728283B921E33C5A004B1E3D /* Build configuration list for PBXNativeTarget "GameNotifier" */;
			buildPhases = (
				728283A021E33C59004B1E3D /* Sources */,
				728283A121E33C59004B1E3D /* Frameworks */,
				728283A221E33C59004B1E3D /* Resources */,
			);
			buildRules = (
			);
			dependencies = (
			);
			name = GameNotifier;
			productName = GameNotifier;
			productReference = 728283A421E33C59004B1E3D /* GameNotifier.app */;
			productType = "com.apple.product-type.application";
		};
/* End PBXNativeTarget section */

/* Begin PBXProject section */
		7282839C21E33C59004B1E3D /* Project object */ = {
			isa = PBXProject;
			attributes = {
				LastSwiftUpdateCheck = 1010;
				LastUpgradeCheck = 1010;
				ORGANIZATIONNAME = "Lee Soo-Han";
				TargetAttributes = {
					728283A321E33C59004B1E3D = {
						CreatedOnToolsVersion = 10.1;
					};
				};
			};
			buildConfigurationList = 7282839F21E33C59004B1E3D /* Build configuration list for PBXProject "GameNotifier" */;
			compatibilityVersion = "Xcode 9.3";
			developmentRegion = en;
			hasScannedForEncodings = 0;
			knownRegions = (
				en,
				Base,
			);
			mainGroup = 7282839B21E33C59004B1E3D;
			productRefGroup = 728283A521E33C59004B1E3D /* Products */;
			projectDirPath = "";
			projectRoot = "";
			targets = (
				728283A321E33C59004B1E3D /* GameNotifier */,
			);
		};
/* End PBXProject section */

/* Begin PBXResourcesBuildPhase section */
		728283A221E33C59004B1E3D /* Resources */ = {
			isa = PBXResourcesBuildPhase;
			buildActionMask = 2147483647;
			files = (
				728283B521E33C5A004B1E3D /* LaunchScreen.storyboard in Resources */,
				728283B221E33C5A004B1E3D /* Assets.xcassets in Resources */,
				728283AD21E33C59004B1E3D /* Main.storyboard in Resources */,
			);
			runOnlyForDeploymentPostprocessing = 0;
		};
/* End PBXResourcesBuildPhase section */

/* Begin PBXSourcesBuildPhase section */
		728283A021E33C59004B1E3D /* Sources */ = {
			isa = PBXSourcesBuildPhase;
			buildActionMask = 2147483647;
			files = (
				728283A821E33C59004B1E3D /* AppDelegate.swift in Sources */,
				728283C121E34786004B1E3D /* TeamViewController.swift in Sources */,
				728283B021E33C59004B1E3D /* GameNotifier.xcdatamodeld in Sources */,
				728283C321E347B6004B1E3D /* LeagueViewController.swift in Sources */,
			);
			runOnlyForDeploymentPostprocessing = 0;
		};
/* End PBXSourcesBuildPhase section */

/* Begin PBXVariantGroup section */
		728283AB21E33C59004B1E3D /* Main.storyboard */ = {
			isa = PBXVariantGroup;
			children = (
				728283AC21E33C59004B1E3D /* Base */,
			);
			name = Main.storyboard;
			sourceTree = "<group>";
		};
		728283B321E33C5A004B1E3D /* LaunchScreen.storyboard */ = {
			isa = PBXVariantGroup;
			children = (
				728283B421E33C5A004B1E3D /* Base */,
			);
			name = LaunchScreen.storyboard;
			sourceTree = "<group>";
		};
/* End PBXVariantGroup section */

/* Begin XCBuildConfiguration section */
		728283B721E33C5A004B1E3D /* Debug */ = {
			isa = XCBuildConfiguration;
			buildSettings = {
				ALWAYS_SEARCH_USER_PATHS = NO;
				CLANG_ANALYZER_NONNULL = YES;
				CLANG_ANALYZER_NUMBER_OBJECT_CONVERSION = YES_AGGRESSIVE;
				CLANG_CXX_LANGUAGE_STANDARD = "gnu++14";
				CLANG_CXX_LIBRARY = "libc++";
				CLANG_ENABLE_MODULES = YES;
				CLANG_ENABLE_OBJC_ARC = YES;
				CLANG_ENABLE_OBJC_WEAK = YES;
				CLANG_WARN_BLOCK_CAPTURE_AUTORELEASING = YES;
				CLANG_WARN_BOOL_CONVERSION = YES;
				CLANG_WARN_COMMA = YES;
				CLANG_WARN_CONSTANT_CONVERSION = YES;
				CLANG_WARN_DEPRECATED_OBJC_IMPLEMENTATIONS = YES;
				CLANG_WARN_DIRECT_OBJC_ISA_USAGE = YES_ERROR;
				CLANG_WARN_DOCUMENTATION_COMMENTS = YES;
				CLANG_WARN_EMPTY_BODY = YES;
				CLANG_WARN_ENUM_CONVERSION = YES;
				CLANG_WARN_INFINITE_RECURSION = YES;
				CLANG_WARN_INT_CONVERSION = YES;
				CLANG_WARN_NON_LITERAL_NULL_CONVERSION = YES;
				CLANG_WARN_OBJC_IMPLICIT_RETAIN_SELF = YES;
				CLANG_WARN_OBJC_LITERAL_CONVERSION = YES;
				CLANG_WARN_OBJC_ROOT_CLASS = YES_ERROR;
				CLANG_WARN_RANGE_LOOP_ANALYSIS = YES;
				CLANG_WARN_STRICT_PROTOTYPES = YES;
				CLANG_WARN_SUSPICIOUS_MOVE = YES;
				CLANG_WARN_UNGUARDED_AVAILABILITY = YES_AGGRESSIVE;
				CLANG_WARN_UNREACHABLE_CODE = YES;
				CLANG_WARN__DUPLICATE_METHOD_MATCH = YES;
				CODE_SIGN_IDENTITY = "iPhone Developer";
				COPY_PHASE_STRIP = NO;
				DEBUG_INFORMATION_FORMAT = dwarf;
				ENABLE_STRICT_OBJC_MSGSEND = YES;
				ENABLE_TESTABILITY = YES;
				GCC_C_LANGUAGE_STANDARD = gnu11;
				GCC_DYNAMIC_NO_PIC = NO;
				GCC_NO_COMMON_BLOCKS = YES;
				GCC_OPTIMIZATION_LEVEL = 0;
				GCC_PREPROCESSOR_DEFINITIONS = (
					"DEBUG=1",
					"$(inherited)",
				);
				GCC_WARN_64_TO_32_BIT_CONVERSION = YES;
				GCC_WARN_ABOUT_RETURN_TYPE = YES_ERROR;
				GCC_WARN_UNDECLARED_SELECTOR = YES;
				GCC_WARN_UNINITIALIZED_AUTOS = YES_AGGRESSIVE;
				GCC_WARN_UNUSED_FUNCTION = YES;
				GCC_WARN_UNUSED_VARIABLE = YES;
				IPHONEOS_DEPLOYMENT_TARGET = 12.1;
				MTL_ENABLE_DEBUG_INFO = INCLUDE_SOURCE;
				MTL_FAST_MATH = YES;
				ONLY_ACTIVE_ARCH = YES;
				SDKROOT = iphoneos;
				SWIFT_ACTIVE_COMPILATION_CONDITIONS = DEBUG;
				SWIFT_OPTIMIZATION_LEVEL = "-Onone";
			};
			name = Debug;
		};
		728283B821E33C5A004B1E3D /* Release */ = {
			isa = XCBuildConfiguration;
			buildSettings = {
				ALWAYS_SEARCH_USER_PATHS = NO;
				CLANG_ANALYZER_NONNULL = YES;
				CLANG_ANALYZER_NUMBER_OBJECT_CONVERSION = YES_AGGRESSIVE;
				CLANG_CXX_LANGUAGE_STANDARD = "gnu++14";
				CLANG_CXX_LIBRARY = "libc++";
				CLANG_ENABLE_MODULES = YES;
				CLANG_ENABLE_OBJC_ARC = YES;
				CLANG_ENABLE_OBJC_WEAK = YES;
				CLANG_WARN_BLOCK_CAPTURE_AUTORELEASING = YES;
				CLANG_WARN_BOOL_CONVERSION = YES;
				CLANG_WARN_COMMA = YES;
				CLANG_WARN_CONSTANT_CONVERSION = YES;
				CLANG_WARN_DEPRECATED_OBJC_IMPLEMENTATIONS = YES;
				CLANG_WARN_DIRECT_OBJC_ISA_USAGE = YES_ERROR;
				CLANG_WARN_DOCUMENTATION_COMMENTS = YES;
				CLANG_WARN_EMPTY_BODY = YES;
				CLANG_WARN_ENUM_CONVERSION = YES;
				CLANG_WARN_INFINITE_RECURSION = YES;
				CLANG_WARN_INT_CONVERSION = YES;
				CLANG_WARN_NON_LITERAL_NULL_CONVERSION = YES;
				CLANG_WARN_OBJC_IMPLICIT_RETAIN_SELF = YES;
				CLANG_WARN_OBJC_LITERAL_CONVERSION = YES;
				CLANG_WARN_OBJC_ROOT_CLASS = YES_ERROR;
				CLANG_WARN_RANGE_LOOP_ANALYSIS = YES;
				CLANG_WARN_STRICT_PROTOTYPES = YES;
				CLANG_WARN_SUSPICIOUS_MOVE = YES;
				CLANG_WARN_UNGUARDED_AVAILABILITY = YES_AGGRESSIVE;
				CLANG_WARN_UNREACHABLE_CODE = YES;
				CLANG_WARN__DUPLICATE_METHOD_MATCH = YES;
				CODE_SIGN_IDENTITY = "iPhone Developer";
				COPY_PHASE_STRIP = NO;
				DEBUG_INFORMATION_FORMAT = "dwarf-with-dsym";
				ENABLE_NS_ASSERTIONS = NO;
				ENABLE_STRICT_OBJC_MSGSEND = YES;
				GCC_C_LANGUAGE_STANDARD = gnu11;
				GCC_NO_COMMON_BLOCKS = YES;
				GCC_WARN_64_TO_32_BIT_CONVERSION = YES;
				GCC_WARN_ABOUT_RETURN_TYPE = YES_ERROR;
				GCC_WARN_UNDECLARED_SELECTOR = YES;
				GCC_WARN_UNINITIALIZED_AUTOS = YES_AGGRESSIVE;
				GCC_WARN_UNUSED_FUNCTION = YES;
				GCC_WARN_UNUSED_VARIABLE = YES;
				IPHONEOS_DEPLOYMENT_TARGET = 12.1;
				MTL_ENABLE_DEBUG_INFO = NO;
				MTL_FAST_MATH = YES;
				SDKROOT = iphoneos;
				SWIFT_COMPILATION_MODE = wholemodule;
				SWIFT_OPTIMIZATION_LEVEL = "-O";
				VALIDATE_PRODUCT = YES;
			};
			name = Release;
		};
		728283BA21E33C5A004B1E3D /* Debug */ = {
			isa = XCBuildConfiguration;
			buildSettings = {
				ASSETCATALOG_COMPILER_APPICON_NAME = AppIcon;
				CODE_SIGN_STYLE = Automatic;
				INFOPLIST_FILE = GameNotifier/Info.plist;
				LD_RUNPATH_SEARCH_PATHS = (
					"$(inherited)",
					"@executable_path/Frameworks",
				);
				PRODUCT_BUNDLE_IDENTIFIER = com.GameNotifier;
				PRODUCT_NAME = "$(TARGET_NAME)";
				SWIFT_VERSION = 4.2;
				TARGETED_DEVICE_FAMILY = "1,2";
			};
			name = Debug;
		};
		728283BB21E33C5A004B1E3D /* Release */ = {
			isa = XCBuildConfiguration;
			buildSettings = {
				ASSETCATALOG_COMPILER_APPICON_NAME = AppIcon;
				CODE_SIGN_STYLE = Automatic;
				INFOPLIST_FILE = GameNotifier/Info.plist;
				LD_RUNPATH_SEARCH_PATHS = (
					"$(inherited)",
					"@executable_path/Frameworks",
				);
				PRODUCT_BUNDLE_IDENTIFIER = com.GameNotifier;
				PRODUCT_NAME = "$(TARGET_NAME)";
				SWIFT_VERSION = 4.2;
				TARGETED_DEVICE_FAMILY = "1,2";
			};
			name = Release;
		};
/* End XCBuildConfiguration section */

/* Begin XCConfigurationList section */
		7282839F21E33C59004B1E3D /* Build configuration list for PBXProject "GameNotifier" */ = {
			isa = XCConfigurationList;
			buildConfigurations = (
				728283B721E33C5A004B1E3D /* Debug */,
				728283B821E33C5A004B1E3D /* Release */,
			);
			defaultConfigurationIsVisible = 0;
			defaultConfigurationName = Release;
		};
		728283B921E33C5A004B1E3D /* Build configuration list for PBXNativeTarget "GameNotifier" */ = {
			isa = XCConfigurationList;
			buildConfigurations = (
				728283BA21E33C5A004B1E3D /* Debug */,
				728283BB21E33C5A004B1E3D /* Release */,
			);
			defaultConfigurationIsVisible = 0;
			defaultConfigurationName = Release;
		};
/* End XCConfigurationList section */

/* Begin XCVersionGroup section */
		728283AE21E33C59004B1E3D /* GameNotifier.xcdatamodeld */ = {
			isa = XCVersionGroup;
			children = (
				728283AF21E33C59004B1E3D /* GameNotifier.xcdatamodel */,
			);
			currentVersion = 728283AF21E33C59004B1E3D /* GameNotifier.xcdatamodel */;
			path = GameNotifier.xcdatamodeld;
			sourceTree = "<group>";
			versionGroupType = wrapper.xcdatamodel;
		};
/* End XCVersionGroup section */
	};
	rootObject = 7282839C21E33C59004B1E3D /* Project object */;
}
